<?xml version="1.0" encoding="UTF-8"?>
<!DOCTYPE plist PUBLIC "-//Apple//DTD PLIST 1.0//EN" "http://www.apple.com/DTDs/PropertyList-1.0.dtd">
<plist version="1.0">
<dict>
	<key>archiveVersion</key>
	<string>1</string>
	<key>classes</key>
	<dict/>
	<key>objectVersion</key>
	<string>46</string>
	<key>objects</key>
	<dict>
		<key>04702C8E156E7B0D00EA9D2B</key>
		<dict>
			<key>fileEncoding</key>
			<string>4</string>
			<key>isa</key>
			<string>PBXFileReference</string>
			<key>lastKnownFileType</key>
			<string>sourcecode.c.h</string>
			<key>name</key>
			<string>StoreKISSDataRequest.h</string>
			<key>path</key>
			<string>StoreKISSDataRequest.h</string>
			<key>sourceTree</key>
			<string>&lt;group&gt;</string>
		</dict>
		<key>04702C8F156E7B0D00EA9D2B</key>
		<dict>
			<key>fileEncoding</key>
			<string>4</string>
			<key>isa</key>
			<string>PBXFileReference</string>
			<key>lastKnownFileType</key>
			<string>sourcecode.c.objc</string>
			<key>name</key>
			<string>StoreKISSDataRequest.m</string>
			<key>path</key>
			<string>StoreKISSDataRequest.m</string>
			<key>sourceTree</key>
			<string>&lt;group&gt;</string>
		</dict>
		<key>04702C90156E7B0D00EA9D2B</key>
		<dict>
			<key>fileRef</key>
			<string>04702C8F156E7B0D00EA9D2B</string>
			<key>isa</key>
			<string>PBXBuildFile</string>
		</dict>
		<key>04702C93156E7D9D00EA9D2B</key>
		<dict>
			<key>isa</key>
			<string>PBXFileReference</string>
			<key>lastKnownFileType</key>
			<string>wrapper.framework</string>
			<key>name</key>
			<string>StoreKit.framework</string>
			<key>path</key>
			<string>System/Library/Frameworks/StoreKit.framework</string>
			<key>sourceTree</key>
			<string>SDKROOT</string>
		</dict>
		<key>04702C94156E7D9D00EA9D2B</key>
		<dict>
			<key>fileRef</key>
			<string>04702C93156E7D9D00EA9D2B</string>
			<key>isa</key>
			<string>PBXBuildFile</string>
		</dict>
		<key>04702C95156E7E0300EA9D2B</key>
		<dict>
			<key>fileRef</key>
			<string>04702C93156E7D9D00EA9D2B</string>
			<key>isa</key>
			<string>PBXBuildFile</string>
		</dict>
		<key>04702C99156F904100EA9D2B</key>
		<dict>
			<key>fileEncoding</key>
			<string>4</string>
			<key>isa</key>
			<string>PBXFileReference</string>
			<key>lastKnownFileType</key>
			<string>sourcecode.c.h</string>
			<key>name</key>
			<string>StoreKISSShared.h</string>
			<key>path</key>
			<string>StoreKISSShared.h</string>
			<key>sourceTree</key>
			<string>&lt;group&gt;</string>
		</dict>
		<key>04702C9A156F904100EA9D2B</key>
		<dict>
			<key>fileEncoding</key>
			<string>4</string>
			<key>isa</key>
			<string>PBXFileReference</string>
			<key>lastKnownFileType</key>
			<string>sourcecode.c.objc</string>
			<key>name</key>
			<string>StoreKISSShared.m</string>
			<key>path</key>
			<string>StoreKISSShared.m</string>
			<key>sourceTree</key>
			<string>&lt;group&gt;</string>
		</dict>
		<key>04702C9B156F904100EA9D2B</key>
		<dict>
			<key>fileRef</key>
			<string>04702C9A156F904100EA9D2B</string>
			<key>isa</key>
			<string>PBXBuildFile</string>
		</dict>
		<key>04702C9C156F904100EA9D2B</key>
		<dict>
			<key>fileRef</key>
			<string>04702C9A156F904100EA9D2B</string>
			<key>isa</key>
			<string>PBXBuildFile</string>
		</dict>
		<key>04702C9D156F90FD00EA9D2B</key>
		<dict>
			<key>fileRef</key>
			<string>04702C8F156E7B0D00EA9D2B</string>
			<key>isa</key>
			<string>PBXBuildFile</string>
		</dict>
		<key>04702C9E156F910200EA9D2B</key>
		<dict>
			<key>fileRef</key>
			<string>04DAE5CB156E75CE00B5AFC6</string>
			<key>isa</key>
			<string>PBXBuildFile</string>
		</dict>
		<key>04D72151156F94BB00099B8A</key>
		<dict>
			<key>children</key>
			<array>
				<string>04D72152156F94BB00099B8A</string>
				<string>04D72162156F9C2100099B8A</string>
			</array>
			<key>isa</key>
			<string>PBXGroup</string>
			<key>path</key>
			<string>Testing</string>
			<key>sourceTree</key>
			<string>&lt;group&gt;</string>
		</dict>
		<key>04D72152156F94BB00099B8A</key>
		<dict>
			<key>children</key>
			<array>
				<string>04D72153156F94BB00099B8A</string>
				<string>04D72154156F94BB00099B8A</string>
				<string>04D72155156F94BB00099B8A</string>
				<string>04D72156156F94BB00099B8A</string>
			</array>
			<key>isa</key>
			<string>PBXGroup</string>
			<key>path</key>
			<string>View Controllers</string>
			<key>sourceTree</key>
			<string>&lt;group&gt;</string>
		</dict>
		<key>04D72153156F94BB00099B8A</key>
		<dict>
			<key>fileEncoding</key>
			<string>4</string>
			<key>isa</key>
			<string>PBXFileReference</string>
			<key>lastKnownFileType</key>
			<string>sourcecode.c.h</string>
			<key>name</key>
			<string>RootViewController.h</string>
			<key>path</key>
			<string>RootViewController.h</string>
			<key>sourceTree</key>
			<string>&lt;group&gt;</string>
		</dict>
		<key>04D72154156F94BB00099B8A</key>
		<dict>
			<key>fileEncoding</key>
			<string>4</string>
			<key>isa</key>
			<string>PBXFileReference</string>
			<key>lastKnownFileType</key>
			<string>sourcecode.c.objc</string>
			<key>name</key>
			<string>RootViewController.m</string>
			<key>path</key>
			<string>RootViewController.m</string>
			<key>sourceTree</key>
			<string>&lt;group&gt;</string>
		</dict>
		<key>04D72155156F94BB00099B8A</key>
		<dict>
			<key>fileEncoding</key>
			<string>4</string>
			<key>isa</key>
			<string>PBXFileReference</string>
			<key>lastKnownFileType</key>
			<string>sourcecode.c.h</string>
			<key>name</key>
			<string>StoreKISSDataRequestTestViewController.h</string>
			<key>path</key>
			<string>StoreKISSDataRequestTestViewController.h</string>
			<key>sourceTree</key>
			<string>&lt;group&gt;</string>
		</dict>
		<key>04D72156156F94BB00099B8A</key>
		<dict>
			<key>fileEncoding</key>
			<string>4</string>
			<key>isa</key>
			<string>PBXFileReference</string>
			<key>lastKnownFileType</key>
			<string>sourcecode.c.objc</string>
			<key>name</key>
			<string>StoreKISSDataRequestTestViewController.m</string>
			<key>path</key>
			<string>StoreKISSDataRequestTestViewController.m</string>
			<key>sourceTree</key>
			<string>&lt;group&gt;</string>
		</dict>
		<key>04D72157156F94BB00099B8A</key>
		<dict>
			<key>fileRef</key>
			<string>04D72154156F94BB00099B8A</string>
			<key>isa</key>
			<string>PBXBuildFile</string>
		</dict>
		<key>04D72158156F94BB00099B8A</key>
		<dict>
			<key>fileRef</key>
			<string>04D72156156F94BB00099B8A</string>
			<key>isa</key>
			<string>PBXBuildFile</string>
		</dict>
		<key>04D7215D156F99F200099B8A</key>
		<dict>
			<key>fileEncoding</key>
			<string>4</string>
			<key>isa</key>
			<string>PBXFileReference</string>
			<key>lastKnownFileType</key>
			<string>text.plist.strings</string>
			<key>name</key>
			<string>Localizable.strings</string>
			<key>path</key>
			<string>Localizable.strings</string>
			<key>sourceTree</key>
			<string>&lt;group&gt;</string>
		</dict>
		<key>04D7215E156F99F200099B8A</key>
		<dict>
			<key>fileRef</key>
			<string>04D7215D156F99F200099B8A</string>
			<key>isa</key>
			<string>PBXBuildFile</string>
		</dict>
		<key>04D7215F156F9C1D00099B8A</key>
		<dict>
			<key>fileEncoding</key>
			<string>4</string>
			<key>isa</key>
			<string>PBXFileReference</string>
			<key>lastKnownFileType</key>
			<string>sourcecode.c.h</string>
			<key>name</key>
			<string>StoreKISSDataRequestView.h</string>
			<key>path</key>
			<string>Views/StoreKISSDataRequestView.h</string>
			<key>sourceTree</key>
			<string>&lt;group&gt;</string>
		</dict>
		<key>04D72160156F9C1D00099B8A</key>
		<dict>
			<key>fileEncoding</key>
			<string>4</string>
			<key>isa</key>
			<string>PBXFileReference</string>
			<key>lastKnownFileType</key>
			<string>sourcecode.c.objc</string>
			<key>name</key>
			<string>StoreKISSDataRequestView.m</string>
			<key>path</key>
			<string>Views/StoreKISSDataRequestView.m</string>
			<key>sourceTree</key>
			<string>&lt;group&gt;</string>
		</dict>
		<key>04D72161156F9C1D00099B8A</key>
		<dict>
			<key>fileRef</key>
			<string>04D72160156F9C1D00099B8A</string>
			<key>isa</key>
			<string>PBXBuildFile</string>
		</dict>
		<key>04D72162156F9C2100099B8A</key>
		<dict>
			<key>children</key>
			<array>
				<string>04D7215F156F9C1D00099B8A</string>
				<string>04D72160156F9C1D00099B8A</string>
			</array>
			<key>isa</key>
			<string>PBXGroup</string>
			<key>name</key>
			<string>Views</string>
			<key>sourceTree</key>
			<string>&lt;group&gt;</string>
		</dict>
		<key>04DAE58B156E758A00B5AFC6</key>
		<dict>
			<key>children</key>
			<array>
				<string>04DAE5A0156E758A00B5AFC6</string>
				<string>04DAE5B8156E758A00B5AFC6</string>
				<string>04DAE599156E758A00B5AFC6</string>
				<string>04DAE597156E758A00B5AFC6</string>
				<string>47E8E0D67DFB44378F3A6F89</string>
			</array>
			<key>isa</key>
			<string>PBXGroup</string>
			<key>sourceTree</key>
			<string>&lt;group&gt;</string>
		</dict>
		<key>04DAE58D156E758A00B5AFC6</key>
		<dict>
			<key>attributes</key>
			<dict>
				<key>LastUpgradeCheck</key>
				<string>0430</string>
				<key>ORGANIZATIONNAME</key>
				<string>Redigion</string>
			</dict>
			<key>buildConfigurationList</key>
			<string>04DAE590156E758A00B5AFC6</string>
			<key>compatibilityVersion</key>
			<string>Xcode 3.2</string>
			<key>developmentRegion</key>
			<string>English</string>
			<key>hasScannedForEncodings</key>
			<string>0</string>
			<key>isa</key>
			<string>PBXProject</string>
			<key>knownRegions</key>
			<array>
				<string>en</string>
			</array>
			<key>mainGroup</key>
			<string>04DAE58B156E758A00B5AFC6</string>
			<key>productRefGroup</key>
			<string>04DAE597156E758A00B5AFC6</string>
			<key>projectDirPath</key>
			<string></string>
			<key>projectRoot</key>
			<string></string>
			<key>targets</key>
			<array>
				<string>04DAE595156E758A00B5AFC6</string>
				<string>04DAE5B0156E758A00B5AFC6</string>
			</array>
		</dict>
		<key>04DAE590156E758A00B5AFC6</key>
		<dict>
			<key>buildConfigurations</key>
			<array>
				<string>04DAE5C1156E758B00B5AFC6</string>
				<string>04DAE5C2156E758B00B5AFC6</string>
			</array>
			<key>defaultConfigurationIsVisible</key>
			<string>0</string>
			<key>defaultConfigurationName</key>
			<string>Release</string>
			<key>isa</key>
			<string>XCConfigurationList</string>
		</dict>
		<key>04DAE592156E758A00B5AFC6</key>
		<dict>
			<key>buildActionMask</key>
			<string>2147483647</string>
			<key>files</key>
			<array>
				<string>04DAE5A7156E758A00B5AFC6</string>
				<string>04DAE5AB156E758A00B5AFC6</string>
				<string>04DAE5CC156E75CE00B5AFC6</string>
				<string>04702C90156E7B0D00EA9D2B</string>
				<string>04702C9B156F904100EA9D2B</string>
				<string>04D72157156F94BB00099B8A</string>
				<string>04D72158156F94BB00099B8A</string>
				<string>04D72161156F9C1D00099B8A</string>
			</array>
			<key>isa</key>
			<string>PBXSourcesBuildPhase</string>
			<key>runOnlyForDeploymentPostprocessing</key>
			<string>0</string>
		</dict>
		<key>04DAE593156E758A00B5AFC6</key>
		<dict>
			<key>buildActionMask</key>
			<string>2147483647</string>
			<key>files</key>
			<array>
				<string>04702C94156E7D9D00EA9D2B</string>
				<string>04DAE59B156E758A00B5AFC6</string>
				<string>04DAE59D156E758A00B5AFC6</string>
				<string>04DAE59F156E758A00B5AFC6</string>
				<string>208AFBCC015C47BAAF74E55B</string>
			</array>
			<key>isa</key>
			<string>PBXFrameworksBuildPhase</string>
			<key>runOnlyForDeploymentPostprocessing</key>
			<string>0</string>
		</dict>
		<key>04DAE594156E758A00B5AFC6</key>
		<dict>
			<key>buildActionMask</key>
			<string>2147483647</string>
			<key>files</key>
			<array>
				<string>04DAE5A5156E758A00B5AFC6</string>
				<string>04D7215E156F99F200099B8A</string>
			</array>
			<key>isa</key>
			<string>PBXResourcesBuildPhase</string>
			<key>runOnlyForDeploymentPostprocessing</key>
			<string>0</string>
		</dict>
		<key>04DAE595156E758A00B5AFC6</key>
		<dict>
			<key>buildConfigurationList</key>
			<string>04DAE5C3156E758B00B5AFC6</string>
			<key>buildPhases</key>
			<array>
				<string>04DAE592156E758A00B5AFC6</string>
				<string>04DAE593156E758A00B5AFC6</string>
				<string>04DAE594156E758A00B5AFC6</string>
				<string>D93CF28B087543EA927DC456</string>
			</array>
			<key>buildRules</key>
			<array/>
			<key>dependencies</key>
			<array/>
			<key>isa</key>
			<string>PBXNativeTarget</string>
			<key>name</key>
			<string>StoreKISS</string>
			<key>productName</key>
			<string>StoreKISS</string>
			<key>productReference</key>
			<string>04DAE596156E758A00B5AFC6</string>
			<key>productType</key>
			<string>com.apple.product-type.application</string>
		</dict>
		<key>04DAE596156E758A00B5AFC6</key>
		<dict>
			<key>explicitFileType</key>
			<string>wrapper.application</string>
			<key>includeInIndex</key>
			<string>0</string>
			<key>isa</key>
			<string>PBXFileReference</string>
			<key>name</key>
			<string>StoreKISS.app</string>
			<key>path</key>
			<string>StoreKISS.app</string>
			<key>sourceTree</key>
			<string>BUILT_PRODUCTS_DIR</string>
		</dict>
		<key>04DAE597156E758A00B5AFC6</key>
		<dict>
			<key>children</key>
			<array>
				<string>04DAE596156E758A00B5AFC6</string>
				<string>04DAE5B1156E758A00B5AFC6</string>
			</array>
			<key>isa</key>
			<string>PBXGroup</string>
			<key>name</key>
			<string>Products</string>
			<key>sourceTree</key>
			<string>&lt;group&gt;</string>
		</dict>
		<key>04DAE599156E758A00B5AFC6</key>
		<dict>
			<key>children</key>
			<array>
				<string>04DAE59A156E758A00B5AFC6</string>
				<string>04702C93156E7D9D00EA9D2B</string>
				<string>04DAE59C156E758A00B5AFC6</string>
				<string>04DAE59E156E758A00B5AFC6</string>
				<string>04DAE5B2156E758A00B5AFC6</string>
				<string>E08AB829B87C406C9D48B587</string>
			</array>
			<key>isa</key>
			<string>PBXGroup</string>
			<key>name</key>
			<string>Frameworks</string>
			<key>sourceTree</key>
			<string>&lt;group&gt;</string>
		</dict>
		<key>04DAE59A156E758A00B5AFC6</key>
		<dict>
			<key>isa</key>
			<string>PBXFileReference</string>
			<key>lastKnownFileType</key>
			<string>wrapper.framework</string>
			<key>name</key>
			<string>UIKit.framework</string>
			<key>path</key>
			<string>System/Library/Frameworks/UIKit.framework</string>
			<key>sourceTree</key>
			<string>SDKROOT</string>
		</dict>
		<key>04DAE59B156E758A00B5AFC6</key>
		<dict>
			<key>fileRef</key>
			<string>04DAE59A156E758A00B5AFC6</string>
			<key>isa</key>
			<string>PBXBuildFile</string>
		</dict>
		<key>04DAE59C156E758A00B5AFC6</key>
		<dict>
			<key>isa</key>
			<string>PBXFileReference</string>
			<key>lastKnownFileType</key>
			<string>wrapper.framework</string>
			<key>name</key>
			<string>Foundation.framework</string>
			<key>path</key>
			<string>System/Library/Frameworks/Foundation.framework</string>
			<key>sourceTree</key>
			<string>SDKROOT</string>
		</dict>
		<key>04DAE59D156E758A00B5AFC6</key>
		<dict>
			<key>fileRef</key>
			<string>04DAE59C156E758A00B5AFC6</string>
			<key>isa</key>
			<string>PBXBuildFile</string>
		</dict>
		<key>04DAE59E156E758A00B5AFC6</key>
		<dict>
			<key>isa</key>
			<string>PBXFileReference</string>
			<key>lastKnownFileType</key>
			<string>wrapper.framework</string>
			<key>name</key>
			<string>CoreGraphics.framework</string>
			<key>path</key>
			<string>System/Library/Frameworks/CoreGraphics.framework</string>
			<key>sourceTree</key>
			<string>SDKROOT</string>
		</dict>
		<key>04DAE59F156E758A00B5AFC6</key>
		<dict>
			<key>fileRef</key>
			<string>04DAE59E156E758A00B5AFC6</string>
			<key>isa</key>
			<string>PBXBuildFile</string>
		</dict>
		<key>04DAE5A0156E758A00B5AFC6</key>
		<dict>
			<key>children</key>
			<array>
				<string>04DAE5C9156E75CE00B5AFC6</string>
				<string>04D72151156F94BB00099B8A</string>
				<string>04DAE5A9156E758A00B5AFC6</string>
				<string>04DAE5AA156E758A00B5AFC6</string>
				<string>04DAE5A1156E758A00B5AFC6</string>
			</array>
			<key>isa</key>
			<string>PBXGroup</string>
			<key>path</key>
			<string>StoreKISS</string>
			<key>sourceTree</key>
			<string>&lt;group&gt;</string>
		</dict>
		<key>04DAE5A1156E758A00B5AFC6</key>
		<dict>
			<key>children</key>
			<array>
				<string>04DAE5A2156E758A00B5AFC6</string>
				<string>04DAE5A3156E758A00B5AFC6</string>
				<string>04DAE5A6156E758A00B5AFC6</string>
				<string>04DAE5A8156E758A00B5AFC6</string>
				<string>04D7215D156F99F200099B8A</string>
			</array>
			<key>isa</key>
			<string>PBXGroup</string>
			<key>name</key>
			<string>Supporting Files</string>
			<key>sourceTree</key>
			<string>&lt;group&gt;</string>
		</dict>
		<key>04DAE5A2156E758A00B5AFC6</key>
		<dict>
			<key>isa</key>
			<string>PBXFileReference</string>
			<key>lastKnownFileType</key>
			<string>text.plist.xml</string>
			<key>name</key>
			<string>StoreKISS-Info.plist</string>
			<key>path</key>
			<string>StoreKISS-Info.plist</string>
			<key>sourceTree</key>
			<string>&lt;group&gt;</string>
		</dict>
		<key>04DAE5A3156E758A00B5AFC6</key>
		<dict>
			<key>children</key>
			<array>
				<string>04DAE5A4156E758A00B5AFC6</string>
			</array>
			<key>isa</key>
			<string>PBXVariantGroup</string>
			<key>name</key>
			<string>InfoPlist.strings</string>
			<key>sourceTree</key>
			<string>&lt;group&gt;</string>
		</dict>
		<key>04DAE5A4156E758A00B5AFC6</key>
		<dict>
			<key>isa</key>
			<string>PBXFileReference</string>
			<key>lastKnownFileType</key>
			<string>text.plist.strings</string>
			<key>name</key>
			<string>en</string>
			<key>path</key>
			<string>en.lproj/InfoPlist.strings</string>
			<key>sourceTree</key>
			<string>&lt;group&gt;</string>
		</dict>
		<key>04DAE5A5156E758A00B5AFC6</key>
		<dict>
			<key>fileRef</key>
			<string>04DAE5A3156E758A00B5AFC6</string>
			<key>isa</key>
			<string>PBXBuildFile</string>
		</dict>
		<key>04DAE5A6156E758A00B5AFC6</key>
		<dict>
			<key>isa</key>
			<string>PBXFileReference</string>
			<key>lastKnownFileType</key>
			<string>sourcecode.c.objc</string>
			<key>name</key>
			<string>main.m</string>
			<key>path</key>
			<string>main.m</string>
			<key>sourceTree</key>
			<string>&lt;group&gt;</string>
		</dict>
		<key>04DAE5A7156E758A00B5AFC6</key>
		<dict>
			<key>fileRef</key>
			<string>04DAE5A6156E758A00B5AFC6</string>
			<key>isa</key>
			<string>PBXBuildFile</string>
		</dict>
		<key>04DAE5A8156E758A00B5AFC6</key>
		<dict>
			<key>isa</key>
			<string>PBXFileReference</string>
			<key>lastKnownFileType</key>
			<string>sourcecode.c.h</string>
			<key>name</key>
			<string>StoreKISS-Prefix.pch</string>
			<key>path</key>
			<string>StoreKISS-Prefix.pch</string>
			<key>sourceTree</key>
			<string>&lt;group&gt;</string>
		</dict>
		<key>04DAE5A9156E758A00B5AFC6</key>
		<dict>
			<key>isa</key>
			<string>PBXFileReference</string>
			<key>lastKnownFileType</key>
			<string>sourcecode.c.h</string>
			<key>name</key>
			<string>AppDelegate.h</string>
			<key>path</key>
			<string>AppDelegate.h</string>
			<key>sourceTree</key>
			<string>&lt;group&gt;</string>
		</dict>
		<key>04DAE5AA156E758A00B5AFC6</key>
		<dict>
			<key>isa</key>
			<string>PBXFileReference</string>
			<key>lastKnownFileType</key>
			<string>sourcecode.c.objc</string>
			<key>name</key>
			<string>AppDelegate.m</string>
			<key>path</key>
			<string>AppDelegate.m</string>
			<key>sourceTree</key>
			<string>&lt;group&gt;</string>
		</dict>
		<key>04DAE5AB156E758A00B5AFC6</key>
		<dict>
			<key>fileRef</key>
			<string>04DAE5AA156E758A00B5AFC6</string>
			<key>isa</key>
			<string>PBXBuildFile</string>
		</dict>
		<key>04DAE5AC156E758A00B5AFC6</key>
		<dict>
			<key>buildActionMask</key>
			<string>2147483647</string>
			<key>files</key>
			<array>
				<string>04702C9C156F904100EA9D2B</string>
				<string>04702C9D156F90FD00EA9D2B</string>
				<string>04702C9E156F910200EA9D2B</string>
			</array>
			<key>isa</key>
			<string>PBXSourcesBuildPhase</string>
			<key>runOnlyForDeploymentPostprocessing</key>
			<string>0</string>
		</dict>
		<key>04DAE5AD156E758A00B5AFC6</key>
		<dict>
			<key>buildActionMask</key>
			<string>2147483647</string>
			<key>files</key>
			<array>
				<string>04702C95156E7E0300EA9D2B</string>
				<string>04DAE5B3156E758A00B5AFC6</string>
				<string>04DAE5B4156E758A00B5AFC6</string>
				<string>04DAE5B5156E758A00B5AFC6</string>
				<string>81659FCA797B4798959B3035</string>
			</array>
			<key>isa</key>
			<string>PBXFrameworksBuildPhase</string>
			<key>runOnlyForDeploymentPostprocessing</key>
			<string>0</string>
		</dict>
		<key>04DAE5AE156E758A00B5AFC6</key>
		<dict>
			<key>buildActionMask</key>
			<string>2147483647</string>
			<key>files</key>
			<array>
				<string>04DAE5BD156E758B00B5AFC6</string>
			</array>
			<key>isa</key>
			<string>PBXResourcesBuildPhase</string>
			<key>runOnlyForDeploymentPostprocessing</key>
			<string>0</string>
		</dict>
		<key>04DAE5AF156E758A00B5AFC6</key>
		<dict>
			<key>buildActionMask</key>
			<string>2147483647</string>
			<key>files</key>
			<array/>
			<key>inputPaths</key>
			<array/>
			<key>isa</key>
			<string>PBXShellScriptBuildPhase</string>
			<key>outputPaths</key>
			<array/>
			<key>runOnlyForDeploymentPostprocessing</key>
			<string>0</string>
			<key>shellPath</key>
			<string>/bin/sh</string>
			<key>shellScript</key>
			<string># Run the unit tests in this test bundle.
"${SYSTEM_DEVELOPER_DIR}/Tools/RunUnitTests"
</string>
		</dict>
		<key>04DAE5B0156E758A00B5AFC6</key>
		<dict>
			<key>buildConfigurationList</key>
			<string>04DAE5C6156E758B00B5AFC6</string>
			<key>buildPhases</key>
			<array>
				<string>04DAE5AC156E758A00B5AFC6</string>
				<string>04DAE5AD156E758A00B5AFC6</string>
				<string>04DAE5AE156E758A00B5AFC6</string>
				<string>04DAE5AF156E758A00B5AFC6</string>
				<string>D93CF28B087543EA927DC456</string>
			</array>
			<key>buildRules</key>
			<array/>
			<key>dependencies</key>
			<array>
				<string>04DAE5B7156E758A00B5AFC6</string>
			</array>
			<key>isa</key>
			<string>PBXNativeTarget</string>
			<key>name</key>
			<string>StoreKISSTests</string>
			<key>productName</key>
			<string>StoreKISSTests</string>
			<key>productReference</key>
			<string>04DAE5B1156E758A00B5AFC6</string>
			<key>productType</key>
			<string>com.apple.product-type.bundle</string>
		</dict>
		<key>04DAE5B1156E758A00B5AFC6</key>
		<dict>
			<key>explicitFileType</key>
			<string>wrapper.cfbundle</string>
			<key>includeInIndex</key>
			<string>0</string>
			<key>isa</key>
			<string>PBXFileReference</string>
			<key>name</key>
			<string>StoreKISSTests.octest</string>
			<key>path</key>
			<string>StoreKISSTests.octest</string>
			<key>sourceTree</key>
			<string>BUILT_PRODUCTS_DIR</string>
		</dict>
		<key>04DAE5B2156E758A00B5AFC6</key>
		<dict>
			<key>isa</key>
			<string>PBXFileReference</string>
			<key>lastKnownFileType</key>
			<string>wrapper.framework</string>
			<key>name</key>
			<string>SenTestingKit.framework</string>
			<key>path</key>
			<string>Library/Frameworks/SenTestingKit.framework</string>
			<key>sourceTree</key>
			<string>DEVELOPER_DIR</string>
		</dict>
		<key>04DAE5B3156E758A00B5AFC6</key>
		<dict>
			<key>fileRef</key>
			<string>04DAE5B2156E758A00B5AFC6</string>
			<key>isa</key>
			<string>PBXBuildFile</string>
		</dict>
		<key>04DAE5B4156E758A00B5AFC6</key>
		<dict>
			<key>fileRef</key>
			<string>04DAE59A156E758A00B5AFC6</string>
			<key>isa</key>
			<string>PBXBuildFile</string>
		</dict>
		<key>04DAE5B5156E758A00B5AFC6</key>
		<dict>
			<key>fileRef</key>
			<string>04DAE59C156E758A00B5AFC6</string>
			<key>isa</key>
			<string>PBXBuildFile</string>
		</dict>
		<key>04DAE5B6156E758A00B5AFC6</key>
		<dict>
			<key>containerPortal</key>
			<string>04DAE58D156E758A00B5AFC6</string>
			<key>isa</key>
			<string>PBXContainerItemProxy</string>
			<key>proxyType</key>
			<string>1</string>
			<key>remoteGlobalIDString</key>
			<string>04DAE595156E758A00B5AFC6</string>
			<key>remoteInfo</key>
			<string>StoreKISS</string>
		</dict>
		<key>04DAE5B7156E758A00B5AFC6</key>
		<dict>
			<key>isa</key>
			<string>PBXTargetDependency</string>
			<key>target</key>
			<string>04DAE595156E758A00B5AFC6</string>
			<key>targetProxy</key>
			<string>04DAE5B6156E758A00B5AFC6</string>
		</dict>
		<key>04DAE5B8156E758A00B5AFC6</key>
		<dict>
			<key>children</key>
			<array>
				<string>04DAE5B9156E758B00B5AFC6</string>
			</array>
			<key>isa</key>
			<string>PBXGroup</string>
			<key>path</key>
			<string>StoreKISSTests</string>
			<key>sourceTree</key>
			<string>&lt;group&gt;</string>
		</dict>
		<key>04DAE5B9156E758B00B5AFC6</key>
		<dict>
			<key>children</key>
			<array>
				<string>04DAE5BA156E758B00B5AFC6</string>
				<string>04DAE5BB156E758B00B5AFC6</string>
			</array>
			<key>isa</key>
			<string>PBXGroup</string>
			<key>name</key>
			<string>Supporting Files</string>
			<key>sourceTree</key>
			<string>&lt;group&gt;</string>
		</dict>
		<key>04DAE5BA156E758B00B5AFC6</key>
		<dict>
			<key>isa</key>
			<string>PBXFileReference</string>
			<key>lastKnownFileType</key>
			<string>text.plist.xml</string>
			<key>name</key>
			<string>StoreKISSTests-Info.plist</string>
			<key>path</key>
			<string>StoreKISSTests-Info.plist</string>
			<key>sourceTree</key>
			<string>&lt;group&gt;</string>
		</dict>
		<key>04DAE5BB156E758B00B5AFC6</key>
		<dict>
			<key>children</key>
			<array>
				<string>04DAE5BC156E758B00B5AFC6</string>
			</array>
			<key>isa</key>
			<string>PBXVariantGroup</string>
			<key>name</key>
			<string>InfoPlist.strings</string>
			<key>sourceTree</key>
			<string>&lt;group&gt;</string>
		</dict>
		<key>04DAE5BC156E758B00B5AFC6</key>
		<dict>
			<key>isa</key>
			<string>PBXFileReference</string>
			<key>lastKnownFileType</key>
			<string>text.plist.strings</string>
			<key>name</key>
			<string>en</string>
			<key>path</key>
			<string>en.lproj/InfoPlist.strings</string>
			<key>sourceTree</key>
			<string>&lt;group&gt;</string>
		</dict>
		<key>04DAE5BD156E758B00B5AFC6</key>
		<dict>
			<key>fileRef</key>
			<string>04DAE5BB156E758B00B5AFC6</string>
			<key>isa</key>
			<string>PBXBuildFile</string>
		</dict>
		<key>04DAE5C1156E758B00B5AFC6</key>
		<dict>
			<key>buildSettings</key>
			<dict>
				<key>ALWAYS_SEARCH_USER_PATHS</key>
				<string>NO</string>
				<key>ARCHS</key>
				<string>$(ARCHS_STANDARD_32_BIT)</string>
				<key>CLANG_ENABLE_OBJC_ARC</key>
				<string>YES</string>
				<key>CODE_SIGN_IDENTITY[sdk=iphoneos*]</key>
				<string>iPhone Developer</string>
				<key>COPY_PHASE_STRIP</key>
				<string>NO</string>
				<key>GCC_C_LANGUAGE_STANDARD</key>
				<string>gnu99</string>
				<key>GCC_DYNAMIC_NO_PIC</key>
				<string>NO</string>
				<key>GCC_OPTIMIZATION_LEVEL</key>
				<string>0</string>
				<key>GCC_PREPROCESSOR_DEFINITIONS</key>
				<array>
					<string>DEBUG=1</string>
					<string>$(inherited)</string>
				</array>
				<key>GCC_SYMBOLS_PRIVATE_EXTERN</key>
				<string>NO</string>
				<key>GCC_VERSION</key>
				<string>com.apple.compilers.llvm.clang.1_0</string>
				<key>GCC_WARN_ABOUT_RETURN_TYPE</key>
				<string>YES</string>
				<key>GCC_WARN_UNINITIALIZED_AUTOS</key>
				<string>YES</string>
				<key>GCC_WARN_UNUSED_VARIABLE</key>
				<string>YES</string>
				<key>IPHONEOS_DEPLOYMENT_TARGET</key>
				<string>5.1</string>
				<key>SDKROOT</key>
				<string>iphoneos</string>
				<key>TARGETED_DEVICE_FAMILY</key>
				<string>1,2</string>
			</dict>
			<key>isa</key>
			<string>XCBuildConfiguration</string>
			<key>name</key>
			<string>Debug</string>
		</dict>
		<key>04DAE5C2156E758B00B5AFC6</key>
		<dict>
			<key>buildSettings</key>
			<dict>
				<key>ALWAYS_SEARCH_USER_PATHS</key>
				<string>NO</string>
				<key>ARCHS</key>
				<string>$(ARCHS_STANDARD_32_BIT)</string>
				<key>CLANG_ENABLE_OBJC_ARC</key>
				<string>YES</string>
				<key>CODE_SIGN_IDENTITY[sdk=iphoneos*]</key>
				<string>iPhone Developer</string>
				<key>COPY_PHASE_STRIP</key>
				<string>YES</string>
				<key>GCC_C_LANGUAGE_STANDARD</key>
				<string>gnu99</string>
				<key>GCC_VERSION</key>
				<string>com.apple.compilers.llvm.clang.1_0</string>
				<key>GCC_WARN_ABOUT_RETURN_TYPE</key>
				<string>YES</string>
				<key>GCC_WARN_UNINITIALIZED_AUTOS</key>
				<string>YES</string>
				<key>GCC_WARN_UNUSED_VARIABLE</key>
				<string>YES</string>
				<key>IPHONEOS_DEPLOYMENT_TARGET</key>
				<string>5.1</string>
				<key>OTHER_CFLAGS</key>
				<string>-DNS_BLOCK_ASSERTIONS=1</string>
				<key>SDKROOT</key>
				<string>iphoneos</string>
				<key>TARGETED_DEVICE_FAMILY</key>
				<string>1,2</string>
				<key>VALIDATE_PRODUCT</key>
				<string>YES</string>
			</dict>
			<key>isa</key>
			<string>XCBuildConfiguration</string>
			<key>name</key>
			<string>Release</string>
		</dict>
		<key>04DAE5C3156E758B00B5AFC6</key>
		<dict>
			<key>buildConfigurations</key>
			<array>
				<string>04DAE5C4156E758B00B5AFC6</string>
				<string>04DAE5C5156E758B00B5AFC6</string>
			</array>
			<key>defaultConfigurationIsVisible</key>
			<string>0</string>
			<key>defaultConfigurationName</key>
			<string>Release</string>
			<key>isa</key>
			<string>XCConfigurationList</string>
		</dict>
		<key>04DAE5C4156E758B00B5AFC6</key>
		<dict>
			<key>baseConfigurationReference</key>
			<string>47E8E0D67DFB44378F3A6F89</string>
			<key>buildSettings</key>
			<dict>
				<key>CODE_SIGN_IDENTITY</key>
				<string>iPhone Developer: Misha Karpenko (Y3L5EZ49HK)</string>
				<key>DSTROOT</key>
				<string>/tmp/xcodeproj.dst</string>
				<key>GCC_PRECOMPILE_PREFIX_HEADER</key>
				<string>YES</string>
				<key>GCC_PREFIX_HEADER</key>
				<string>StoreKISS/StoreKISS-Prefix.pch</string>
				<key>GCC_VERSION</key>
				<string>com.apple.compilers.llvm.clang.1_0</string>
				<key>INFOPLIST_FILE</key>
				<string>StoreKISS/StoreKISS-Info.plist</string>
				<key>PRODUCT_NAME</key>
				<string>$(TARGET_NAME)</string>
				<key>PROVISIONING_PROFILE</key>
				<string>D2D17230-61CA-4360-AF85-938767C5FC79</string>
				<key>SKIP_INSTALL</key>
				<string>YES</string>
				<key>WRAPPER_EXTENSION</key>
				<string>app</string>
			</dict>
			<key>isa</key>
			<string>XCBuildConfiguration</string>
			<key>name</key>
			<string>Debug</string>
		</dict>
		<key>04DAE5C5156E758B00B5AFC6</key>
		<dict>
			<key>baseConfigurationReference</key>
			<string>47E8E0D67DFB44378F3A6F89</string>
			<key>buildSettings</key>
			<dict>
				<key>CODE_SIGN_IDENTITY</key>
				<string>iPhone Developer: Misha Karpenko (Y3L5EZ49HK)</string>
				<key>DSTROOT</key>
				<string>/tmp/xcodeproj.dst</string>
				<key>GCC_PRECOMPILE_PREFIX_HEADER</key>
				<string>YES</string>
				<key>GCC_PREFIX_HEADER</key>
				<string>StoreKISS/StoreKISS-Prefix.pch</string>
				<key>GCC_VERSION</key>
				<string>com.apple.compilers.llvm.clang.1_0</string>
				<key>INFOPLIST_FILE</key>
				<string>StoreKISS/StoreKISS-Info.plist</string>
				<key>PRODUCT_NAME</key>
				<string>$(TARGET_NAME)</string>
				<key>PROVISIONING_PROFILE</key>
				<string>D2D17230-61CA-4360-AF85-938767C5FC79</string>
				<key>SKIP_INSTALL</key>
				<string>YES</string>
				<key>WRAPPER_EXTENSION</key>
				<string>app</string>
			</dict>
			<key>isa</key>
			<string>XCBuildConfiguration</string>
			<key>name</key>
			<string>Release</string>
		</dict>
		<key>04DAE5C6156E758B00B5AFC6</key>
		<dict>
			<key>buildConfigurations</key>
			<array>
				<string>04DAE5C7156E758B00B5AFC6</string>
				<string>04DAE5C8156E758B00B5AFC6</string>
			</array>
			<key>defaultConfigurationIsVisible</key>
			<string>0</string>
			<key>defaultConfigurationName</key>
			<string>Release</string>
			<key>isa</key>
			<string>XCConfigurationList</string>
		</dict>
		<key>04DAE5C7156E758B00B5AFC6</key>
		<dict>
			<key>baseConfigurationReference</key>
			<string>47E8E0D67DFB44378F3A6F89</string>
			<key>buildSettings</key>
			<dict>
				<key>BUNDLE_LOADER</key>
				<string>$(BUILT_PRODUCTS_DIR)/StoreKISS.app/StoreKISS</string>
				<key>DSTROOT</key>
				<string>/tmp/xcodeproj.dst</string>
				<key>FRAMEWORK_SEARCH_PATHS</key>
				<array>
					<string>$(SDKROOT)/Developer/Library/Frameworks</string>
					<string>$(DEVELOPER_LIBRARY_DIR)/Frameworks</string>
				</array>
				<key>GCC_PRECOMPILE_PREFIX_HEADER</key>
				<string>YES</string>
				<key>GCC_PREFIX_HEADER</key>
				<string>StoreKISS/StoreKISS-Prefix.pch</string>
				<key>GCC_VERSION</key>
				<string>com.apple.compilers.llvm.clang.1_0</string>
				<key>INFOPLIST_FILE</key>
				<string>StoreKISSTests/StoreKISSTests-Info.plist</string>
				<key>PRODUCT_NAME</key>
				<string>$(TARGET_NAME)</string>
				<key>SKIP_INSTALL</key>
				<string>YES</string>
				<key>TEST_HOST</key>
				<string>$(BUNDLE_LOADER)</string>
				<key>WRAPPER_EXTENSION</key>
				<string>octest</string>
			</dict>
			<key>isa</key>
			<string>XCBuildConfiguration</string>
			<key>name</key>
			<string>Debug</string>
		</dict>
		<key>04DAE5C8156E758B00B5AFC6</key>
		<dict>
			<key>baseConfigurationReference</key>
			<string>47E8E0D67DFB44378F3A6F89</string>
			<key>buildSettings</key>
			<dict>
				<key>BUNDLE_LOADER</key>
				<string>$(BUILT_PRODUCTS_DIR)/StoreKISS.app/StoreKISS</string>
				<key>DSTROOT</key>
				<string>/tmp/xcodeproj.dst</string>
				<key>FRAMEWORK_SEARCH_PATHS</key>
				<array>
					<string>$(SDKROOT)/Developer/Library/Frameworks</string>
					<string>$(DEVELOPER_LIBRARY_DIR)/Frameworks</string>
				</array>
				<key>GCC_PRECOMPILE_PREFIX_HEADER</key>
				<string>YES</string>
				<key>GCC_PREFIX_HEADER</key>
				<string>StoreKISS/StoreKISS-Prefix.pch</string>
				<key>GCC_VERSION</key>
				<string>com.apple.compilers.llvm.clang.1_0</string>
				<key>INFOPLIST_FILE</key>
				<string>StoreKISSTests/StoreKISSTests-Info.plist</string>
				<key>PRODUCT_NAME</key>
				<string>$(TARGET_NAME)</string>
				<key>SKIP_INSTALL</key>
				<string>YES</string>
				<key>TEST_HOST</key>
				<string>$(BUNDLE_LOADER)</string>
				<key>WRAPPER_EXTENSION</key>
				<string>octest</string>
			</dict>
			<key>isa</key>
			<string>XCBuildConfiguration</string>
			<key>name</key>
			<string>Release</string>
		</dict>
		<key>04DAE5C9156E75CE00B5AFC6</key>
		<dict>
			<key>children</key>
			<array>
				<string>04DAE5CA156E75CE00B5AFC6</string>
				<string>04DAE5CB156E75CE00B5AFC6</string>
				<string>04702C99156F904100EA9D2B</string>
				<string>04702C9A156F904100EA9D2B</string>
				<string>04702C8E156E7B0D00EA9D2B</string>
				<string>04702C8F156E7B0D00EA9D2B</string>
			</array>
			<key>isa</key>
			<string>PBXGroup</string>
			<key>path</key>
			<string>StoreKISS</string>
			<key>sourceTree</key>
			<string>&lt;group&gt;</string>
		</dict>
		<key>04DAE5CA156E75CE00B5AFC6</key>
		<dict>
			<key>fileEncoding</key>
			<string>4</string>
			<key>isa</key>
			<string>PBXFileReference</string>
			<key>lastKnownFileType</key>
			<string>sourcecode.c.h</string>
			<key>name</key>
			<string>StoreKISS.h</string>
			<key>path</key>
			<string>StoreKISS.h</string>
			<key>sourceTree</key>
			<string>&lt;group&gt;</string>
		</dict>
		<key>04DAE5CB156E75CE00B5AFC6</key>
		<dict>
			<key>fileEncoding</key>
			<string>4</string>
			<key>isa</key>
			<string>PBXFileReference</string>
			<key>lastKnownFileType</key>
			<string>sourcecode.c.objc</string>
			<key>name</key>
			<string>StoreKISS.m</string>
			<key>path</key>
			<string>StoreKISS.m</string>
			<key>sourceTree</key>
			<string>&lt;group&gt;</string>
		</dict>
		<key>04DAE5CC156E75CE00B5AFC6</key>
		<dict>
			<key>fileRef</key>
			<string>04DAE5CB156E75CE00B5AFC6</string>
			<key>isa</key>
			<string>PBXBuildFile</string>
		</dict>
		<key>208AFBCC015C47BAAF74E55B</key>
		<dict>
			<key>fileRef</key>
			<string>E08AB829B87C406C9D48B587</string>
			<key>isa</key>
			<string>PBXBuildFile</string>
		</dict>
		<key>47E8E0D67DFB44378F3A6F89</key>
		<dict>
			<key>isa</key>
			<string>PBXFileReference</string>
			<key>lastKnownFileType</key>
			<string>text.xcconfig</string>
			<key>name</key>
			<string>Pods.xcconfig</string>
			<key>path</key>
			<string>Pods/Pods.xcconfig</string>
			<key>sourceTree</key>
			<string>SOURCE_ROOT</string>
		</dict>
		<key>81659FCA797B4798959B3035</key>
		<dict>
			<key>fileRef</key>
			<string>E08AB829B87C406C9D48B587</string>
			<key>isa</key>
			<string>PBXBuildFile</string>
		</dict>
		<key>D93CF28B087543EA927DC456</key>
		<dict>
			<key>buildActionMask</key>
			<string>2147483647</string>
			<key>files</key>
			<array/>
			<key>inputPaths</key>
			<array/>
			<key>isa</key>
			<string>PBXShellScriptBuildPhase</string>
			<key>name</key>
			<string>Copy Pods Resources</string>
			<key>outputPaths</key>
			<array/>
			<key>runOnlyForDeploymentPostprocessing</key>
			<string>0</string>
			<key>shellPath</key>
			<string>/bin/sh</string>
			<key>shellScript</key>
			<string>"${SRCROOT}/Pods/Pods-resources.sh"
</string>
		</dict>
		<key>E08AB829B87C406C9D48B587</key>
		<dict>
			<key>explicitFileType</key>
			<string>archive.ar</string>
			<key>includeInIndex</key>
			<string>0</string>
			<key>isa</key>
			<string>PBXFileReference</string>
			<key>name</key>
			<string>libPods.a</string>
			<key>path</key>
			<string>libPods.a</string>
			<key>sourceTree</key>
			<string>BUILT_PRODUCTS_DIR</string>
		</dict>
	</dict>
	<key>rootObject</key>
	<string>04DAE58D156E758A00B5AFC6</string>
</dict>
</plist>
