// !$*UTF8*$!
{
	archiveVersion = 1;
	classes = {
	};
	objectVersion = 46;
	objects = {

/* Begin PBXBuildFile section */
		040DF27F157CDDA300DF9F38 /* StoreKISS.m in Sources */ = {isa = PBXBuildFile; fileRef = 040DF278157CDDA300DF9F38 /* StoreKISS.m */; };
		040DF280157CDDA300DF9F38 /* StoreKISSDataRequest.m in Sources */ = {isa = PBXBuildFile; fileRef = 040DF27A157CDDA300DF9F38 /* StoreKISSDataRequest.m */; };
		040DF281157CDDA300DF9F38 /* StoreKISSPaymentRequest.m in Sources */ = {isa = PBXBuildFile; fileRef = 040DF27C157CDDA300DF9F38 /* StoreKISSPaymentRequest.m */; };
		040DF282157CDDA300DF9F38 /* StoreKISSShared.m in Sources */ = {isa = PBXBuildFile; fileRef = 040DF27E157CDDA300DF9F38 /* StoreKISSShared.m */; };
		04702C94156E7D9D00EA9D2B /* StoreKit.framework in Frameworks */ = {isa = PBXBuildFile; fileRef = 04702C93156E7D9D00EA9D2B /* StoreKit.framework */; };
		04702C95156E7E0300EA9D2B /* StoreKit.framework in Frameworks */ = {isa = PBXBuildFile; fileRef = 04702C93156E7D9D00EA9D2B /* StoreKit.framework */; };
		047EB7EE1573850300DDE51E /* PaymentRequestViewController.m in Sources */ = {isa = PBXBuildFile; fileRef = 047EB7ED1573850300DDE51E /* PaymentRequestViewController.m */; };
		047EB7F21573852A00DDE51E /* PaymentRequestView.m in Sources */ = {isa = PBXBuildFile; fileRef = 047EB7F11573852A00DDE51E /* PaymentRequestView.m */; };
		04D72157156F94BB00099B8A /* RootViewController.m in Sources */ = {isa = PBXBuildFile; fileRef = 04D72154156F94BB00099B8A /* RootViewController.m */; };
		04D72158156F94BB00099B8A /* DataRequestViewController.m in Sources */ = {isa = PBXBuildFile; fileRef = 04D72156156F94BB00099B8A /* DataRequestViewController.m */; };
		04D7215E156F99F200099B8A /* Localizable.strings in Resources */ = {isa = PBXBuildFile; fileRef = 04D7215D156F99F200099B8A /* Localizable.strings */; };
		04D72161156F9C1D00099B8A /* DataRequestView.m in Sources */ = {isa = PBXBuildFile; fileRef = 04D72160156F9C1D00099B8A /* DataRequestView.m */; };
		04DAE59B156E758A00B5AFC6 /* UIKit.framework in Frameworks */ = {isa = PBXBuildFile; fileRef = 04DAE59A156E758A00B5AFC6 /* UIKit.framework */; };
		04DAE59D156E758A00B5AFC6 /* Foundation.framework in Frameworks */ = {isa = PBXBuildFile; fileRef = 04DAE59C156E758A00B5AFC6 /* Foundation.framework */; };
		04DAE59F156E758A00B5AFC6 /* CoreGraphics.framework in Frameworks */ = {isa = PBXBuildFile; fileRef = 04DAE59E156E758A00B5AFC6 /* CoreGraphics.framework */; };
		04DAE5A5156E758A00B5AFC6 /* InfoPlist.strings in Resources */ = {isa = PBXBuildFile; fileRef = 04DAE5A3156E758A00B5AFC6 /* InfoPlist.strings */; };
		04DAE5A7156E758A00B5AFC6 /* main.m in Sources */ = {isa = PBXBuildFile; fileRef = 04DAE5A6156E758A00B5AFC6 /* main.m */; };
		04DAE5AB156E758A00B5AFC6 /* AppDelegate.m in Sources */ = {isa = PBXBuildFile; fileRef = 04DAE5AA156E758A00B5AFC6 /* AppDelegate.m */; };
		04DAE5B3156E758A00B5AFC6 /* SenTestingKit.framework in Frameworks */ = {isa = PBXBuildFile; fileRef = 04DAE5B2156E758A00B5AFC6 /* SenTestingKit.framework */; };
		04DAE5B4156E758A00B5AFC6 /* UIKit.framework in Frameworks */ = {isa = PBXBuildFile; fileRef = 04DAE59A156E758A00B5AFC6 /* UIKit.framework */; };
		04DAE5B5156E758A00B5AFC6 /* Foundation.framework in Frameworks */ = {isa = PBXBuildFile; fileRef = 04DAE59C156E758A00B5AFC6 /* Foundation.framework */; };
		04DAE5BD156E758B00B5AFC6 /* InfoPlist.strings in Resources */ = {isa = PBXBuildFile; fileRef = 04DAE5BB156E758B00B5AFC6 /* InfoPlist.strings */; };
		208AFBCC015C47BAAF74E55B /* libPods.a in Frameworks */ = {isa = PBXBuildFile; fileRef = E08AB829B87C406C9D48B587 /* libPods.a */; };
		81659FCA797B4798959B3035 /* libPods.a in Frameworks */ = {isa = PBXBuildFile; fileRef = E08AB829B87C406C9D48B587 /* libPods.a */; };
/* End PBXBuildFile section */

/* Begin PBXContainerItemProxy section */
		04DAE5B6156E758A00B5AFC6 /* PBXContainerItemProxy */ = {
			isa = PBXContainerItemProxy;
			containerPortal = 04DAE58D156E758A00B5AFC6 /* Project object */;
			proxyType = 1;
			remoteGlobalIDString = 04DAE595156E758A00B5AFC6;
			remoteInfo = StoreKISS;
		};
/* End PBXContainerItemProxy section */

/* Begin PBXFileReference section */
		040DF277157CDDA300DF9F38 /* StoreKISS.h */ = {isa = PBXFileReference; fileEncoding = 4; lastKnownFileType = sourcecode.c.h; path = StoreKISS.h; sourceTree = "<group>"; };
		040DF278157CDDA300DF9F38 /* StoreKISS.m */ = {isa = PBXFileReference; fileEncoding = 4; lastKnownFileType = sourcecode.c.objc; path = StoreKISS.m; sourceTree = "<group>"; };
		040DF279157CDDA300DF9F38 /* StoreKISSDataRequest.h */ = {isa = PBXFileReference; fileEncoding = 4; lastKnownFileType = sourcecode.c.h; path = StoreKISSDataRequest.h; sourceTree = "<group>"; };
		040DF27A157CDDA300DF9F38 /* StoreKISSDataRequest.m */ = {isa = PBXFileReference; fileEncoding = 4; lastKnownFileType = sourcecode.c.objc; path = StoreKISSDataRequest.m; sourceTree = "<group>"; };
		040DF27B157CDDA300DF9F38 /* StoreKISSPaymentRequest.h */ = {isa = PBXFileReference; fileEncoding = 4; lastKnownFileType = sourcecode.c.h; path = StoreKISSPaymentRequest.h; sourceTree = "<group>"; };
		040DF27C157CDDA300DF9F38 /* StoreKISSPaymentRequest.m */ = {isa = PBXFileReference; fileEncoding = 4; lastKnownFileType = sourcecode.c.objc; path = StoreKISSPaymentRequest.m; sourceTree = "<group>"; };
		040DF27D157CDDA300DF9F38 /* StoreKISSShared.h */ = {isa = PBXFileReference; fileEncoding = 4; lastKnownFileType = sourcecode.c.h; path = StoreKISSShared.h; sourceTree = "<group>"; };
		040DF27E157CDDA300DF9F38 /* StoreKISSShared.m */ = {isa = PBXFileReference; fileEncoding = 4; lastKnownFileType = sourcecode.c.objc; path = StoreKISSShared.m; sourceTree = "<group>"; };
		04702C93156E7D9D00EA9D2B /* StoreKit.framework */ = {isa = PBXFileReference; lastKnownFileType = wrapper.framework; name = StoreKit.framework; path = System/Library/Frameworks/StoreKit.framework; sourceTree = SDKROOT; };
		047EB7EC1573850300DDE51E /* PaymentRequestViewController.h */ = {isa = PBXFileReference; fileEncoding = 4; lastKnownFileType = sourcecode.c.h; path = PaymentRequestViewController.h; sourceTree = "<group>"; };
		047EB7ED1573850300DDE51E /* PaymentRequestViewController.m */ = {isa = PBXFileReference; fileEncoding = 4; lastKnownFileType = sourcecode.c.objc; path = PaymentRequestViewController.m; sourceTree = "<group>"; };
		047EB7F01573852A00DDE51E /* PaymentRequestView.h */ = {isa = PBXFileReference; fileEncoding = 4; lastKnownFileType = sourcecode.c.h; name = PaymentRequestView.h; path = Views/PaymentRequestView.h; sourceTree = "<group>"; };
		047EB7F11573852A00DDE51E /* PaymentRequestView.m */ = {isa = PBXFileReference; fileEncoding = 4; lastKnownFileType = sourcecode.c.objc; name = PaymentRequestView.m; path = Views/PaymentRequestView.m; sourceTree = "<group>"; };
		04D72153156F94BB00099B8A /* RootViewController.h */ = {isa = PBXFileReference; fileEncoding = 4; lastKnownFileType = sourcecode.c.h; path = RootViewController.h; sourceTree = "<group>"; };
		04D72154156F94BB00099B8A /* RootViewController.m */ = {isa = PBXFileReference; fileEncoding = 4; lastKnownFileType = sourcecode.c.objc; path = RootViewController.m; sourceTree = "<group>"; };
		04D72155156F94BB00099B8A /* DataRequestViewController.h */ = {isa = PBXFileReference; fileEncoding = 4; lastKnownFileType = sourcecode.c.h; path = DataRequestViewController.h; sourceTree = "<group>"; };
		04D72156156F94BB00099B8A /* DataRequestViewController.m */ = {isa = PBXFileReference; fileEncoding = 4; lastKnownFileType = sourcecode.c.objc; path = DataRequestViewController.m; sourceTree = "<group>"; };
		04D7215D156F99F200099B8A /* Localizable.strings */ = {isa = PBXFileReference; fileEncoding = 4; lastKnownFileType = text.plist.strings; path = Localizable.strings; sourceTree = "<group>"; };
		04D7215F156F9C1D00099B8A /* DataRequestView.h */ = {isa = PBXFileReference; fileEncoding = 4; lastKnownFileType = sourcecode.c.h; name = DataRequestView.h; path = Views/DataRequestView.h; sourceTree = "<group>"; };
		04D72160156F9C1D00099B8A /* DataRequestView.m */ = {isa = PBXFileReference; fileEncoding = 4; lastKnownFileType = sourcecode.c.objc; name = DataRequestView.m; path = Views/DataRequestView.m; sourceTree = "<group>"; };
		04DAE596156E758A00B5AFC6 /* StoreKISS.app */ = {isa = PBXFileReference; explicitFileType = wrapper.application; includeInIndex = 0; path = StoreKISS.app; sourceTree = BUILT_PRODUCTS_DIR; };
		04DAE59A156E758A00B5AFC6 /* UIKit.framework */ = {isa = PBXFileReference; lastKnownFileType = wrapper.framework; name = UIKit.framework; path = System/Library/Frameworks/UIKit.framework; sourceTree = SDKROOT; };
		04DAE59C156E758A00B5AFC6 /* Foundation.framework */ = {isa = PBXFileReference; lastKnownFileType = wrapper.framework; name = Foundation.framework; path = System/Library/Frameworks/Foundation.framework; sourceTree = SDKROOT; };
		04DAE59E156E758A00B5AFC6 /* CoreGraphics.framework */ = {isa = PBXFileReference; lastKnownFileType = wrapper.framework; name = CoreGraphics.framework; path = System/Library/Frameworks/CoreGraphics.framework; sourceTree = SDKROOT; };
		04DAE5A2156E758A00B5AFC6 /* StoreKISS-Info.plist */ = {isa = PBXFileReference; lastKnownFileType = text.plist.xml; path = "StoreKISS-Info.plist"; sourceTree = "<group>"; };
		04DAE5A4156E758A00B5AFC6 /* en */ = {isa = PBXFileReference; lastKnownFileType = text.plist.strings; name = en; path = en.lproj/InfoPlist.strings; sourceTree = "<group>"; };
		04DAE5A6156E758A00B5AFC6 /* main.m */ = {isa = PBXFileReference; lastKnownFileType = sourcecode.c.objc; path = main.m; sourceTree = "<group>"; };
		04DAE5A8156E758A00B5AFC6 /* StoreKISS-Prefix.pch */ = {isa = PBXFileReference; lastKnownFileType = sourcecode.c.h; path = "StoreKISS-Prefix.pch"; sourceTree = "<group>"; };
		04DAE5A9156E758A00B5AFC6 /* AppDelegate.h */ = {isa = PBXFileReference; lastKnownFileType = sourcecode.c.h; path = AppDelegate.h; sourceTree = "<group>"; };
		04DAE5AA156E758A00B5AFC6 /* AppDelegate.m */ = {isa = PBXFileReference; lastKnownFileType = sourcecode.c.objc; path = AppDelegate.m; sourceTree = "<group>"; };
		04DAE5B1156E758A00B5AFC6 /* StoreKISSTests.octest */ = {isa = PBXFileReference; explicitFileType = wrapper.cfbundle; includeInIndex = 0; path = StoreKISSTests.octest; sourceTree = BUILT_PRODUCTS_DIR; };
		04DAE5B2156E758A00B5AFC6 /* SenTestingKit.framework */ = {isa = PBXFileReference; lastKnownFileType = wrapper.framework; name = SenTestingKit.framework; path = Library/Frameworks/SenTestingKit.framework; sourceTree = DEVELOPER_DIR; };
		04DAE5BA156E758B00B5AFC6 /* StoreKISSTests-Info.plist */ = {isa = PBXFileReference; lastKnownFileType = text.plist.xml; path = "StoreKISSTests-Info.plist"; sourceTree = "<group>"; };
		04DAE5BC156E758B00B5AFC6 /* en */ = {isa = PBXFileReference; lastKnownFileType = text.plist.strings; name = en; path = en.lproj/InfoPlist.strings; sourceTree = "<group>"; };
		47E8E0D67DFB44378F3A6F89 /* Pods.xcconfig */ = {isa = PBXFileReference; lastKnownFileType = text.xcconfig; name = Pods.xcconfig; path = Pods/Pods.xcconfig; sourceTree = SOURCE_ROOT; };
		E08AB829B87C406C9D48B587 /* libPods.a */ = {isa = PBXFileReference; explicitFileType = archive.ar; includeInIndex = 0; path = libPods.a; sourceTree = BUILT_PRODUCTS_DIR; };
/* End PBXFileReference section */

/* Begin PBXFrameworksBuildPhase section */
		04DAE593156E758A00B5AFC6 /* Frameworks */ = {
			isa = PBXFrameworksBuildPhase;
			buildActionMask = 2147483647;
			files = (
				04702C94156E7D9D00EA9D2B /* StoreKit.framework in Frameworks */,
				04DAE59B156E758A00B5AFC6 /* UIKit.framework in Frameworks */,
				04DAE59D156E758A00B5AFC6 /* Foundation.framework in Frameworks */,
				04DAE59F156E758A00B5AFC6 /* CoreGraphics.framework in Frameworks */,
				208AFBCC015C47BAAF74E55B /* libPods.a in Frameworks */,
			);
			runOnlyForDeploymentPostprocessing = 0;
		};
		04DAE5AD156E758A00B5AFC6 /* Frameworks */ = {
			isa = PBXFrameworksBuildPhase;
			buildActionMask = 2147483647;
			files = (
				04702C95156E7E0300EA9D2B /* StoreKit.framework in Frameworks */,
				04DAE5B3156E758A00B5AFC6 /* SenTestingKit.framework in Frameworks */,
				04DAE5B4156E758A00B5AFC6 /* UIKit.framework in Frameworks */,
				04DAE5B5156E758A00B5AFC6 /* Foundation.framework in Frameworks */,
				81659FCA797B4798959B3035 /* libPods.a in Frameworks */,
			);
			runOnlyForDeploymentPostprocessing = 0;
		};
/* End PBXFrameworksBuildPhase section */

/* Begin PBXGroup section */
		040DF276157CDDA300DF9F38 /* Classes */ = {
			isa = PBXGroup;
			children = (
				040DF277157CDDA300DF9F38 /* StoreKISS.h */,
				040DF278157CDDA300DF9F38 /* StoreKISS.m */,
				040DF279157CDDA300DF9F38 /* StoreKISSDataRequest.h */,
				040DF27A157CDDA300DF9F38 /* StoreKISSDataRequest.m */,
				040DF27B157CDDA300DF9F38 /* StoreKISSPaymentRequest.h */,
				040DF27C157CDDA300DF9F38 /* StoreKISSPaymentRequest.m */,
				040DF27D157CDDA300DF9F38 /* StoreKISSShared.h */,
				040DF27E157CDDA300DF9F38 /* StoreKISSShared.m */,
			);
			path = Classes;
			sourceTree = "<group>";
		};
		04D72151156F94BB00099B8A /* Testing */ = {
			isa = PBXGroup;
			children = (
				04D72152156F94BB00099B8A /* View Controllers */,
				04D72162156F9C2100099B8A /* Views */,
			);
			path = Testing;
			sourceTree = "<group>";
		};
		04D72152156F94BB00099B8A /* View Controllers */ = {
			isa = PBXGroup;
			children = (
				04D72153156F94BB00099B8A /* RootViewController.h */,
				04D72154156F94BB00099B8A /* RootViewController.m */,
				04D72155156F94BB00099B8A /* DataRequestViewController.h */,
				04D72156156F94BB00099B8A /* DataRequestViewController.m */,
				047EB7EC1573850300DDE51E /* PaymentRequestViewController.h */,
				047EB7ED1573850300DDE51E /* PaymentRequestViewController.m */,
			);
			path = "View Controllers";
			sourceTree = "<group>";
		};
		04D72162156F9C2100099B8A /* Views */ = {
			isa = PBXGroup;
			children = (
				04D7215F156F9C1D00099B8A /* DataRequestView.h */,
				04D72160156F9C1D00099B8A /* DataRequestView.m */,
				047EB7F01573852A00DDE51E /* PaymentRequestView.h */,
				047EB7F11573852A00DDE51E /* PaymentRequestView.m */,
			);
			name = Views;
			sourceTree = "<group>";
		};
		04DAE58B156E758A00B5AFC6 = {
			isa = PBXGroup;
			children = (
				04DAE5A0156E758A00B5AFC6 /* StoreKISS */,
				04DAE5B8156E758A00B5AFC6 /* StoreKISSTests */,
				04DAE599156E758A00B5AFC6 /* Frameworks */,
				04DAE597156E758A00B5AFC6 /* Products */,
				47E8E0D67DFB44378F3A6F89 /* Pods.xcconfig */,
			);
			sourceTree = "<group>";
		};
		04DAE597156E758A00B5AFC6 /* Products */ = {
			isa = PBXGroup;
			children = (
				04DAE596156E758A00B5AFC6 /* StoreKISS.app */,
				04DAE5B1156E758A00B5AFC6 /* StoreKISSTests.octest */,
			);
			name = Products;
			sourceTree = "<group>";
		};
		04DAE599156E758A00B5AFC6 /* Frameworks */ = {
			isa = PBXGroup;
			children = (
				04DAE59A156E758A00B5AFC6 /* UIKit.framework */,
				04702C93156E7D9D00EA9D2B /* StoreKit.framework */,
				04DAE59C156E758A00B5AFC6 /* Foundation.framework */,
				04DAE59E156E758A00B5AFC6 /* CoreGraphics.framework */,
				04DAE5B2156E758A00B5AFC6 /* SenTestingKit.framework */,
				E08AB829B87C406C9D48B587 /* libPods.a */,
			);
			name = Frameworks;
			sourceTree = "<group>";
		};
		04DAE5A0156E758A00B5AFC6 /* StoreKISS */ = {
			isa = PBXGroup;
			children = (
				040DF276157CDDA300DF9F38 /* Classes */,
				04D72151156F94BB00099B8A /* Testing */,
				04DAE5A9156E758A00B5AFC6 /* AppDelegate.h */,
				04DAE5AA156E758A00B5AFC6 /* AppDelegate.m */,
				04DAE5A1156E758A00B5AFC6 /* Supporting Files */,
			);
			path = StoreKISS;
			sourceTree = "<group>";
		};
		04DAE5A1156E758A00B5AFC6 /* Supporting Files */ = {
			isa = PBXGroup;
			children = (
				04DAE5A2156E758A00B5AFC6 /* StoreKISS-Info.plist */,
				04DAE5A3156E758A00B5AFC6 /* InfoPlist.strings */,
				04DAE5A6156E758A00B5AFC6 /* main.m */,
				04DAE5A8156E758A00B5AFC6 /* StoreKISS-Prefix.pch */,
				04D7215D156F99F200099B8A /* Localizable.strings */,
			);
			name = "Supporting Files";
			sourceTree = "<group>";
		};
		04DAE5B8156E758A00B5AFC6 /* StoreKISSTests */ = {
			isa = PBXGroup;
			children = (
				04DAE5B9156E758B00B5AFC6 /* Supporting Files */,
			);
			path = StoreKISSTests;
			sourceTree = "<group>";
		};
		04DAE5B9156E758B00B5AFC6 /* Supporting Files */ = {
			isa = PBXGroup;
			children = (
				04DAE5BA156E758B00B5AFC6 /* StoreKISSTests-Info.plist */,
				04DAE5BB156E758B00B5AFC6 /* InfoPlist.strings */,
			);
			name = "Supporting Files";
			sourceTree = "<group>";
		};
/* End PBXGroup section */

/* Begin PBXNativeTarget section */
		04DAE595156E758A00B5AFC6 /* StoreKISS */ = {
			isa = PBXNativeTarget;
			buildConfigurationList = 04DAE5C3156E758B00B5AFC6 /* Build configuration list for PBXNativeTarget "StoreKISS" */;
			buildPhases = (
				04DAE592156E758A00B5AFC6 /* Sources */,
				04DAE593156E758A00B5AFC6 /* Frameworks */,
				04DAE594156E758A00B5AFC6 /* Resources */,
				D93CF28B087543EA927DC456 /* Copy Pods Resources */,
			);
			buildRules = (
			);
			dependencies = (
			);
			name = StoreKISS;
			productName = StoreKISS;
			productReference = 04DAE596156E758A00B5AFC6 /* StoreKISS.app */;
			productType = "com.apple.product-type.application";
		};
		04DAE5B0156E758A00B5AFC6 /* StoreKISSTests */ = {
			isa = PBXNativeTarget;
			buildConfigurationList = 04DAE5C6156E758B00B5AFC6 /* Build configuration list for PBXNativeTarget "StoreKISSTests" */;
			buildPhases = (
				04DAE5AC156E758A00B5AFC6 /* Sources */,
				04DAE5AD156E758A00B5AFC6 /* Frameworks */,
				04DAE5AE156E758A00B5AFC6 /* Resources */,
				04DAE5AF156E758A00B5AFC6 /* ShellScript */,
				D93CF28B087543EA927DC456 /* Copy Pods Resources */,
			);
			buildRules = (
			);
			dependencies = (
				04DAE5B7156E758A00B5AFC6 /* PBXTargetDependency */,
			);
			name = StoreKISSTests;
			productName = StoreKISSTests;
			productReference = 04DAE5B1156E758A00B5AFC6 /* StoreKISSTests.octest */;
			productType = "com.apple.product-type.bundle";
		};
/* End PBXNativeTarget section */

/* Begin PBXProject section */
		04DAE58D156E758A00B5AFC6 /* Project object */ = {
			isa = PBXProject;
			attributes = {
				LastUpgradeCheck = 0430;
				ORGANIZATIONNAME = Redigion;
			};
			buildConfigurationList = 04DAE590156E758A00B5AFC6 /* Build configuration list for PBXProject "StoreKISS" */;
			compatibilityVersion = "Xcode 3.2";
			developmentRegion = English;
			hasScannedForEncodings = 0;
			knownRegions = (
				en,
			);
			mainGroup = 04DAE58B156E758A00B5AFC6;
			productRefGroup = 04DAE597156E758A00B5AFC6 /* Products */;
			projectDirPath = "";
			projectRoot = "";
			targets = (
				04DAE595156E758A00B5AFC6 /* StoreKISS */,
				04DAE5B0156E758A00B5AFC6 /* StoreKISSTests */,
			);
		};
/* End PBXProject section */

/* Begin PBXResourcesBuildPhase section */
		04DAE594156E758A00B5AFC6 /* Resources */ = {
			isa = PBXResourcesBuildPhase;
			buildActionMask = 2147483647;
			files = (
				04DAE5A5156E758A00B5AFC6 /* InfoPlist.strings in Resources */,
				04D7215E156F99F200099B8A /* Localizable.strings in Resources */,
			);
			runOnlyForDeploymentPostprocessing = 0;
		};
		04DAE5AE156E758A00B5AFC6 /* Resources */ = {
			isa = PBXResourcesBuildPhase;
			buildActionMask = 2147483647;
			files = (
				04DAE5BD156E758B00B5AFC6 /* InfoPlist.strings in Resources */,
			);
			runOnlyForDeploymentPostprocessing = 0;
		};
/* End PBXResourcesBuildPhase section */

/* Begin PBXShellScriptBuildPhase section */
		04DAE5AF156E758A00B5AFC6 /* ShellScript */ = {
			isa = PBXShellScriptBuildPhase;
			buildActionMask = 2147483647;
			files = (
			);
			inputPaths = (
			);
			outputPaths = (
			);
			runOnlyForDeploymentPostprocessing = 0;
			shellPath = /bin/sh;
			shellScript = "# Run the unit tests in this test bundle.\n\"${SYSTEM_DEVELOPER_DIR}/Tools/RunUnitTests\"\n";
		};
		D93CF28B087543EA927DC456 /* Copy Pods Resources */ = {
			isa = PBXShellScriptBuildPhase;
			buildActionMask = 2147483647;
			files = (
			);
			inputPaths = (
			);
			name = "Copy Pods Resources";
			outputPaths = (
			);
			runOnlyForDeploymentPostprocessing = 0;
			shellPath = /bin/sh;
			shellScript = "\"${SRCROOT}/Pods/Pods-resources.sh\"\n";
		};
/* End PBXShellScriptBuildPhase section */

/* Begin PBXSourcesBuildPhase section */
		04DAE592156E758A00B5AFC6 /* Sources */ = {
			isa = PBXSourcesBuildPhase;
			buildActionMask = 2147483647;
			files = (
				04DAE5A7156E758A00B5AFC6 /* main.m in Sources */,
				04DAE5AB156E758A00B5AFC6 /* AppDelegate.m in Sources */,
				04D72157156F94BB00099B8A /* RootViewController.m in Sources */,
				04D72158156F94BB00099B8A /* DataRequestViewController.m in Sources */,
				04D72161156F9C1D00099B8A /* DataRequestView.m in Sources */,
				047EB7EE1573850300DDE51E /* PaymentRequestViewController.m in Sources */,
				047EB7F21573852A00DDE51E /* PaymentRequestView.m in Sources */,
				040DF27F157CDDA300DF9F38 /* StoreKISS.m in Sources */,
				040DF280157CDDA300DF9F38 /* StoreKISSDataRequest.m in Sources */,
				040DF281157CDDA300DF9F38 /* StoreKISSPaymentRequest.m in Sources */,
				040DF282157CDDA300DF9F38 /* StoreKISSShared.m in Sources */,
			);
			runOnlyForDeploymentPostprocessing = 0;
		};
		04DAE5AC156E758A00B5AFC6 /* Sources */ = {
			isa = PBXSourcesBuildPhase;
			buildActionMask = 2147483647;
			files = (
			);
			runOnlyForDeploymentPostprocessing = 0;
		};
/* End PBXSourcesBuildPhase section */

/* Begin PBXTargetDependency section */
		04DAE5B7156E758A00B5AFC6 /* PBXTargetDependency */ = {
			isa = PBXTargetDependency;
			target = 04DAE595156E758A00B5AFC6 /* StoreKISS */;
			targetProxy = 04DAE5B6156E758A00B5AFC6 /* PBXContainerItemProxy */;
		};
/* End PBXTargetDependency section */

/* Begin PBXVariantGroup section */
		04DAE5A3156E758A00B5AFC6 /* InfoPlist.strings */ = {
			isa = PBXVariantGroup;
			children = (
				04DAE5A4156E758A00B5AFC6 /* en */,
			);
			name = InfoPlist.strings;
			sourceTree = "<group>";
		};
		04DAE5BB156E758B00B5AFC6 /* InfoPlist.strings */ = {
			isa = PBXVariantGroup;
			children = (
				04DAE5BC156E758B00B5AFC6 /* en */,
			);
			name = InfoPlist.strings;
			sourceTree = "<group>";
		};
/* End PBXVariantGroup section */

/* Begin XCBuildConfiguration section */
		04DAE5C1156E758B00B5AFC6 /* Debug */ = {
			isa = XCBuildConfiguration;
			buildSettings = {
				ALWAYS_SEARCH_USER_PATHS = NO;
				ARCHS = "$(ARCHS_STANDARD_32_BIT)";
				CLANG_ENABLE_OBJC_ARC = YES;
				"CODE_SIGN_IDENTITY[sdk=iphoneos*]" = "iPhone Developer";
				COPY_PHASE_STRIP = NO;
				GCC_C_LANGUAGE_STANDARD = gnu99;
				GCC_DYNAMIC_NO_PIC = NO;
				GCC_OPTIMIZATION_LEVEL = 0;
				GCC_PREPROCESSOR_DEFINITIONS = (
					"DEBUG=1",
					"$(inherited)",
				);
				GCC_SYMBOLS_PRIVATE_EXTERN = NO;
				GCC_VERSION = com.apple.compilers.llvm.clang.1_0;
				GCC_WARN_ABOUT_RETURN_TYPE = YES;
				GCC_WARN_UNINITIALIZED_AUTOS = YES;
				GCC_WARN_UNUSED_VARIABLE = YES;
				IPHONEOS_DEPLOYMENT_TARGET = 5.1;
				SDKROOT = iphoneos;
				TARGETED_DEVICE_FAMILY = "1,2";
			};
			name = Debug;
		};
		04DAE5C2156E758B00B5AFC6 /* Release */ = {
			isa = XCBuildConfiguration;
			buildSettings = {
				ALWAYS_SEARCH_USER_PATHS = NO;
				ARCHS = "$(ARCHS_STANDARD_32_BIT)";
				CLANG_ENABLE_OBJC_ARC = YES;
				"CODE_SIGN_IDENTITY[sdk=iphoneos*]" = "iPhone Developer";
				COPY_PHASE_STRIP = YES;
				GCC_C_LANGUAGE_STANDARD = gnu99;
				GCC_VERSION = com.apple.compilers.llvm.clang.1_0;
				GCC_WARN_ABOUT_RETURN_TYPE = YES;
				GCC_WARN_UNINITIALIZED_AUTOS = YES;
				GCC_WARN_UNUSED_VARIABLE = YES;
				IPHONEOS_DEPLOYMENT_TARGET = 5.1;
				OTHER_CFLAGS = "-DNS_BLOCK_ASSERTIONS=1";
				SDKROOT = iphoneos;
				TARGETED_DEVICE_FAMILY = "1,2";
				VALIDATE_PRODUCT = YES;
			};
			name = Release;
		};
		04DAE5C4156E758B00B5AFC6 /* Debug */ = {
			isa = XCBuildConfiguration;
			baseConfigurationReference = 47E8E0D67DFB44378F3A6F89 /* Pods.xcconfig */;
			buildSettings = {
				CODE_SIGN_IDENTITY = "iPhone Developer: Misha Karpenko (Y3L5EZ49HK)";
				DSTROOT = /tmp/xcodeproj.dst;
				GCC_PRECOMPILE_PREFIX_HEADER = YES;
				GCC_PREFIX_HEADER = "StoreKISS/StoreKISS-Prefix.pch";
				GCC_VERSION = com.apple.compilers.llvm.clang.1_0;
				INFOPLIST_FILE = "StoreKISS/StoreKISS-Info.plist";
				PRODUCT_NAME = "$(TARGET_NAME)";
				PROVISIONING_PROFILE = "D2D17230-61CA-4360-AF85-938767C5FC79";
				SKIP_INSTALL = YES;
				WRAPPER_EXTENSION = app;
			};
			name = Debug;
		};
		04DAE5C5156E758B00B5AFC6 /* Release */ = {
			isa = XCBuildConfiguration;
			baseConfigurationReference = 47E8E0D67DFB44378F3A6F89 /* Pods.xcconfig */;
			buildSettings = {
				CODE_SIGN_IDENTITY = "iPhone Developer: Misha Karpenko (Y3L5EZ49HK)";
				DSTROOT = /tmp/xcodeproj.dst;
				GCC_PRECOMPILE_PREFIX_HEADER = YES;
				GCC_PREFIX_HEADER = "StoreKISS/StoreKISS-Prefix.pch";
				GCC_VERSION = com.apple.compilers.llvm.clang.1_0;
				INFOPLIST_FILE = "StoreKISS/StoreKISS-Info.plist";
				PRODUCT_NAME = "$(TARGET_NAME)";
				PROVISIONING_PROFILE = "D2D17230-61CA-4360-AF85-938767C5FC79";
				SKIP_INSTALL = YES;
				WRAPPER_EXTENSION = app;
			};
			name = Release;
		};
		04DAE5C7156E758B00B5AFC6 /* Debug */ = {
			isa = XCBuildConfiguration;
			baseConfigurationReference = 47E8E0D67DFB44378F3A6F89 /* Pods.xcconfig */;
			buildSettings = {
				BUNDLE_LOADER = "$(BUILT_PRODUCTS_DIR)/StoreKISS.app/StoreKISS";
				DSTROOT = /tmp/xcodeproj.dst;
				FRAMEWORK_SEARCH_PATHS = (
					"$(SDKROOT)/Developer/Library/Frameworks",
					"$(DEVELOPER_LIBRARY_DIR)/Frameworks",
				);
				GCC_PRECOMPILE_PREFIX_HEADER = YES;
				GCC_PREFIX_HEADER = "StoreKISS/StoreKISS-Prefix.pch";
				GCC_VERSION = com.apple.compilers.llvm.clang.1_0;
				INFOPLIST_FILE = "StoreKISSTests/StoreKISSTests-Info.plist";
				PRODUCT_NAME = "$(TARGET_NAME)";
				SKIP_INSTALL = YES;
				TEST_HOST = "$(BUNDLE_LOADER)";
				WRAPPER_EXTENSION = octest;
			};
			name = Debug;
		};
		04DAE5C8156E758B00B5AFC6 /* Release */ = {
			isa = XCBuildConfiguration;
			baseConfigurationReference = 47E8E0D67DFB44378F3A6F89 /* Pods.xcconfig */;
			buildSettings = {
				BUNDLE_LOADER = "$(BUILT_PRODUCTS_DIR)/StoreKISS.app/StoreKISS";
				DSTROOT = /tmp/xcodeproj.dst;
				FRAMEWORK_SEARCH_PATHS = (
					"$(SDKROOT)/Developer/Library/Frameworks",
					"$(DEVELOPER_LIBRARY_DIR)/Frameworks",
				);
				GCC_PRECOMPILE_PREFIX_HEADER = YES;
				GCC_PREFIX_HEADER = "StoreKISS/StoreKISS-Prefix.pch";
				GCC_VERSION = com.apple.compilers.llvm.clang.1_0;
				INFOPLIST_FILE = "StoreKISSTests/StoreKISSTests-Info.plist";
				PRODUCT_NAME = "$(TARGET_NAME)";
				SKIP_INSTALL = YES;
				TEST_HOST = "$(BUNDLE_LOADER)";
				WRAPPER_EXTENSION = octest;
			};
			name = Release;
		};
/* End XCBuildConfiguration section */

/* Begin XCConfigurationList section */
		04DAE590156E758A00B5AFC6 /* Build configuration list for PBXProject "StoreKISS" */ = {
			isa = XCConfigurationList;
			buildConfigurations = (
				04DAE5C1156E758B00B5AFC6 /* Debug */,
				04DAE5C2156E758B00B5AFC6 /* Release */,
			);
			defaultConfigurationIsVisible = 0;
			defaultConfigurationName = Release;
		};
		04DAE5C3156E758B00B5AFC6 /* Build configuration list for PBXNativeTarget "StoreKISS" */ = {
			isa = XCConfigurationList;
			buildConfigurations = (
				04DAE5C4156E758B00B5AFC6 /* Debug */,
				04DAE5C5156E758B00B5AFC6 /* Release */,
			);
			defaultConfigurationIsVisible = 0;
			defaultConfigurationName = Release;
		};
		04DAE5C6156E758B00B5AFC6 /* Build configuration list for PBXNativeTarget "StoreKISSTests" */ = {
			isa = XCConfigurationList;
			buildConfigurations = (
				04DAE5C7156E758B00B5AFC6 /* Debug */,
				04DAE5C8156E758B00B5AFC6 /* Release */,
			);
			defaultConfigurationIsVisible = 0;
			defaultConfigurationName = Release;
		};
/* End XCConfigurationList section */
	};
	rootObject = 04DAE58D156E758A00B5AFC6 /* Project object */;
}
